// !$*UTF8*$!
{
	archiveVersion = 1;
	classes = {
	};
	objectVersion = 46;
	objects = {

/* Begin PBXBuildFile section */
		CDD344B8A5E2CB09F99D5223 /* Pods_ImageDownloader.framework in Frameworks */ = {isa = PBXBuildFile; fileRef = 4C820651DD9077F109637B43 /* Pods_ImageDownloader.framework */; };
		EB17D5841DA4B18E00109D28 /* URL+LH.swift in Sources */ = {isa = PBXBuildFile; fileRef = EB17D5831DA4B18E00109D28 /* URL+LH.swift */; };
		EB17D5861DA4B6D700109D28 /* FileRecord.swift in Sources */ = {isa = PBXBuildFile; fileRef = EB17D5851DA4B6D700109D28 /* FileRecord.swift */; };
		EB99F5A31DA4148D00E82BB3 /* DownloadViewController.swift in Sources */ = {isa = PBXBuildFile; fileRef = EB99F5A21DA4148D00E82BB3 /* DownloadViewController.swift */; };
		EB99F5A61DA419BB00E82BB3 /* DownloadTableViewCell.swift in Sources */ = {isa = PBXBuildFile; fileRef = EB99F5A41DA419BB00E82BB3 /* DownloadTableViewCell.swift */; };
		EB99F5A71DA419BB00E82BB3 /* DownloadTableViewCell.xib in Resources */ = {isa = PBXBuildFile; fileRef = EB99F5A51DA419BB00E82BB3 /* DownloadTableViewCell.xib */; };
		EB99F5AA1DA41D4C00E82BB3 /* LHNetWork.swift in Sources */ = {isa = PBXBuildFile; fileRef = EB99F5A91DA41D4C00E82BB3 /* LHNetWork.swift */; };
		EB99F5AC1DA4343E00E82BB3 /* LHManagerZip.swift in Sources */ = {isa = PBXBuildFile; fileRef = EB99F5AB1DA4343E00E82BB3 /* LHManagerZip.swift */; };
		EBBDB4211DA4138400CFE064 /* AppDelegate.swift in Sources */ = {isa = PBXBuildFile; fileRef = EBBDB4201DA4138400CFE064 /* AppDelegate.swift */; };
		EBBDB4261DA4138400CFE064 /* Main.storyboard in Resources */ = {isa = PBXBuildFile; fileRef = EBBDB4241DA4138400CFE064 /* Main.storyboard */; };
		EBBDB4281DA4138400CFE064 /* Assets.xcassets in Resources */ = {isa = PBXBuildFile; fileRef = EBBDB4271DA4138400CFE064 /* Assets.xcassets */; };
		EBBDB42B1DA4138400CFE064 /* LaunchScreen.storyboard in Resources */ = {isa = PBXBuildFile; fileRef = EBBDB4291DA4138400CFE064 /* LaunchScreen.storyboard */; };
/* End PBXBuildFile section */

/* Begin PBXFileReference section */
		012D7267B5AD9D9BC6902EAC /* Pods-ImageDownloader.debug.xcconfig */ = {isa = PBXFileReference; includeInIndex = 1; lastKnownFileType = text.xcconfig; name = "Pods-ImageDownloader.debug.xcconfig"; path = "Pods/Target Support Files/Pods-ImageDownloader/Pods-ImageDownloader.debug.xcconfig"; sourceTree = "<group>"; };
		2F0F2B7E3441788826DB0A1C /* Pods-ImageDownloader.release.xcconfig */ = {isa = PBXFileReference; includeInIndex = 1; lastKnownFileType = text.xcconfig; name = "Pods-ImageDownloader.release.xcconfig"; path = "Pods/Target Support Files/Pods-ImageDownloader/Pods-ImageDownloader.release.xcconfig"; sourceTree = "<group>"; };
		4C820651DD9077F109637B43 /* Pods_ImageDownloader.framework */ = {isa = PBXFileReference; explicitFileType = wrapper.framework; includeInIndex = 0; path = Pods_ImageDownloader.framework; sourceTree = BUILT_PRODUCTS_DIR; };
		EB17D5831DA4B18E00109D28 /* URL+LH.swift */ = {isa = PBXFileReference; fileEncoding = 4; lastKnownFileType = sourcecode.swift; path = "URL+LH.swift"; sourceTree = "<group>"; };
		EB17D5851DA4B6D700109D28 /* FileRecord.swift */ = {isa = PBXFileReference; fileEncoding = 4; lastKnownFileType = sourcecode.swift; path = FileRecord.swift; sourceTree = "<group>"; };
		EB99F5A21DA4148D00E82BB3 /* DownloadViewController.swift */ = {isa = PBXFileReference; fileEncoding = 4; lastKnownFileType = sourcecode.swift; path = DownloadViewController.swift; sourceTree = "<group>"; };
		EB99F5A41DA419BB00E82BB3 /* DownloadTableViewCell.swift */ = {isa = PBXFileReference; fileEncoding = 4; lastKnownFileType = sourcecode.swift; path = DownloadTableViewCell.swift; sourceTree = "<group>"; };
		EB99F5A51DA419BB00E82BB3 /* DownloadTableViewCell.xib */ = {isa = PBXFileReference; fileEncoding = 4; lastKnownFileType = file.xib; path = DownloadTableViewCell.xib; sourceTree = "<group>"; };
		EB99F5A91DA41D4C00E82BB3 /* LHNetWork.swift */ = {isa = PBXFileReference; fileEncoding = 4; lastKnownFileType = sourcecode.swift; path = LHNetWork.swift; sourceTree = "<group>"; };
		EB99F5AB1DA4343E00E82BB3 /* LHManagerZip.swift */ = {isa = PBXFileReference; fileEncoding = 4; lastKnownFileType = sourcecode.swift; path = LHManagerZip.swift; sourceTree = "<group>"; };
		EBBDB41D1DA4138400CFE064 /* ImageDownloader.app */ = {isa = PBXFileReference; explicitFileType = wrapper.application; includeInIndex = 0; path = ImageDownloader.app; sourceTree = BUILT_PRODUCTS_DIR; };
		EBBDB4201DA4138400CFE064 /* AppDelegate.swift */ = {isa = PBXFileReference; lastKnownFileType = sourcecode.swift; path = AppDelegate.swift; sourceTree = "<group>"; };
		EBBDB4251DA4138400CFE064 /* Base */ = {isa = PBXFileReference; lastKnownFileType = file.storyboard; name = Base; path = Base.lproj/Main.storyboard; sourceTree = "<group>"; };
		EBBDB4271DA4138400CFE064 /* Assets.xcassets */ = {isa = PBXFileReference; lastKnownFileType = folder.assetcatalog; path = Assets.xcassets; sourceTree = "<group>"; };
		EBBDB42A1DA4138400CFE064 /* Base */ = {isa = PBXFileReference; lastKnownFileType = file.storyboard; name = Base; path = Base.lproj/LaunchScreen.storyboard; sourceTree = "<group>"; };
		EBBDB42C1DA4138400CFE064 /* Info.plist */ = {isa = PBXFileReference; lastKnownFileType = text.plist.xml; path = Info.plist; sourceTree = "<group>"; };
/* End PBXFileReference section */

/* Begin PBXFrameworksBuildPhase section */
		EBBDB41A1DA4138400CFE064 /* Frameworks */ = {
			isa = PBXFrameworksBuildPhase;
			buildActionMask = 2147483647;
			files = (
				CDD344B8A5E2CB09F99D5223 /* Pods_ImageDownloader.framework in Frameworks */,
			);
			runOnlyForDeploymentPostprocessing = 0;
		};
/* End PBXFrameworksBuildPhase section */

/* Begin PBXGroup section */
		40B2CFFB46F2C6D4DF2F3CFF /* Frameworks */ = {
			isa = PBXGroup;
			children = (
				4C820651DD9077F109637B43 /* Pods_ImageDownloader.framework */,
			);
			name = Frameworks;
			sourceTree = "<group>";
		};
		CF38D4E5962401B126BBC442 /* Pods */ = {
			isa = PBXGroup;
			children = (
				012D7267B5AD9D9BC6902EAC /* Pods-ImageDownloader.debug.xcconfig */,
				2F0F2B7E3441788826DB0A1C /* Pods-ImageDownloader.release.xcconfig */,
			);
			name = Pods;
			sourceTree = "<group>";
		};
		EB99F5A81DA41B1100E82BB3 /* Screen1 */ = {
			isa = PBXGroup;
			children = (
				EB99F5A21DA4148D00E82BB3 /* DownloadViewController.swift */,
				EB99F5A41DA419BB00E82BB3 /* DownloadTableViewCell.swift */,
				EB99F5A51DA419BB00E82BB3 /* DownloadTableViewCell.xib */,
			);
			name = Screen1;
			sourceTree = "<group>";
		};
		EBBDB4141DA4138400CFE064 = {
			isa = PBXGroup;
			children = (
				EBBDB41F1DA4138400CFE064 /* ImageDownloader */,
				EBBDB41E1DA4138400CFE064 /* Products */,
				CF38D4E5962401B126BBC442 /* Pods */,
				40B2CFFB46F2C6D4DF2F3CFF /* Frameworks */,
			);
			sourceTree = "<group>";
		};
		EBBDB41E1DA4138400CFE064 /* Products */ = {
			isa = PBXGroup;
			children = (
				EBBDB41D1DA4138400CFE064 /* ImageDownloader.app */,
			);
			name = Products;
			sourceTree = "<group>";
		};
		EBBDB41F1DA4138400CFE064 /* ImageDownloader */ = {
			isa = PBXGroup;
			children = (
				EBBDB4201DA4138400CFE064 /* AppDelegate.swift */,
				EBBDB4271DA4138400CFE064 /* Assets.xcassets */,
				EBBDB4291DA4138400CFE064 /* LaunchScreen.storyboard */,
				EBBDB42C1DA4138400CFE064 /* Info.plist */,
				EBBDB4241DA4138400CFE064 /* Main.storyboard */,
				EB99F5A81DA41B1100E82BB3 /* Screen1 */,
				EB99F5A91DA41D4C00E82BB3 /* LHNetWork.swift */,
				EB99F5AB1DA4343E00E82BB3 /* LHManagerZip.swift */,
				EB17D5831DA4B18E00109D28 /* URL+LH.swift */,
				EB17D5851DA4B6D700109D28 /* FileRecord.swift */,
			);
			path = ImageDownloader;
			sourceTree = "<group>";
		};
/* End PBXGroup section */

/* Begin PBXNativeTarget section */
		EBBDB41C1DA4138400CFE064 /* ImageDownloader */ = {
			isa = PBXNativeTarget;
			buildConfigurationList = EBBDB42F1DA4138400CFE064 /* Build configuration list for PBXNativeTarget "ImageDownloader" */;
			buildPhases = (
				8C83F8942587D9DBB3F71AA3 /* [CP] Check Pods Manifest.lock */,
				EBBDB4191DA4138400CFE064 /* Sources */,
				EBBDB41A1DA4138400CFE064 /* Frameworks */,
				EBBDB41B1DA4138400CFE064 /* Resources */,
				0C7FE8676BFC96D69C613B4A /* [CP] Embed Pods Frameworks */,
				CEB9B738FA90DD3880A035E8 /* [CP] Copy Pods Resources */,
			);
			buildRules = (
			);
			dependencies = (
			);
			name = ImageDownloader;
			productName = ImageDownloader;
			productReference = EBBDB41D1DA4138400CFE064 /* ImageDownloader.app */;
			productType = "com.apple.product-type.application";
		};
/* End PBXNativeTarget section */

/* Begin PBXProject section */
		EBBDB4151DA4138400CFE064 /* Project object */ = {
			isa = PBXProject;
			attributes = {
				LastSwiftUpdateCheck = 0800;
				LastUpgradeCheck = 0800;
				ORGANIZATIONNAME = HTKInc;
				TargetAttributes = {
					EBBDB41C1DA4138400CFE064 = {
						CreatedOnToolsVersion = 8.0;
						DevelopmentTeam = LR8XGHFLF8;
						ProvisioningStyle = Automatic;
					};
				};
			};
			buildConfigurationList = EBBDB4181DA4138400CFE064 /* Build configuration list for PBXProject "ImageDownloader" */;
			compatibilityVersion = "Xcode 3.2";
			developmentRegion = English;
			hasScannedForEncodings = 0;
			knownRegions = (
				en,
				Base,
			);
			mainGroup = EBBDB4141DA4138400CFE064;
			productRefGroup = EBBDB41E1DA4138400CFE064 /* Products */;
			projectDirPath = "";
			projectRoot = "";
			targets = (
				EBBDB41C1DA4138400CFE064 /* ImageDownloader */,
			);
		};
/* End PBXProject section */

/* Begin PBXResourcesBuildPhase section */
		EBBDB41B1DA4138400CFE064 /* Resources */ = {
			isa = PBXResourcesBuildPhase;
			buildActionMask = 2147483647;
			files = (
				EBBDB42B1DA4138400CFE064 /* LaunchScreen.storyboard in Resources */,
				EB99F5A71DA419BB00E82BB3 /* DownloadTableViewCell.xib in Resources */,
				EBBDB4281DA4138400CFE064 /* Assets.xcassets in Resources */,
				EBBDB4261DA4138400CFE064 /* Main.storyboard in Resources */,
			);
			runOnlyForDeploymentPostprocessing = 0;
		};
/* End PBXResourcesBuildPhase section */

/* Begin PBXShellScriptBuildPhase section */
		0C7FE8676BFC96D69C613B4A /* [CP] Embed Pods Frameworks */ = {
			isa = PBXShellScriptBuildPhase;
			buildActionMask = 2147483647;
			files = (
			);
			inputPaths = (
			);
			name = "[CP] Embed Pods Frameworks";
			outputPaths = (
			);
			runOnlyForDeploymentPostprocessing = 0;
			shellPath = /bin/sh;
			shellScript = "\"${SRCROOT}/Pods/Target Support Files/Pods-ImageDownloader/Pods-ImageDownloader-frameworks.sh\"\n";
			showEnvVarsInLog = 0;
		};
		8C83F8942587D9DBB3F71AA3 /* [CP] Check Pods Manifest.lock */ = {
			isa = PBXShellScriptBuildPhase;
			buildActionMask = 2147483647;
			files = (
			);
			inputPaths = (
			);
			name = "[CP] Check Pods Manifest.lock";
			outputPaths = (
			);
			runOnlyForDeploymentPostprocessing = 0;
			shellPath = /bin/sh;
			shellScript = "diff \"${PODS_ROOT}/../Podfile.lock\" \"${PODS_ROOT}/Manifest.lock\" > /dev/null\nif [ $? != 0 ] ; then\n    # print error to STDERR\n    echo \"error: The sandbox is not in sync with the Podfile.lock. Run 'pod install' or update your CocoaPods installation.\" >&2\n    exit 1\nfi\n";
			showEnvVarsInLog = 0;
		};
		CEB9B738FA90DD3880A035E8 /* [CP] Copy Pods Resources */ = {
			isa = PBXShellScriptBuildPhase;
			buildActionMask = 2147483647;
			files = (
			);
			inputPaths = (
			);
			name = "[CP] Copy Pods Resources";
			outputPaths = (
			);
			runOnlyForDeploymentPostprocessing = 0;
			shellPath = /bin/sh;
			shellScript = "\"${SRCROOT}/Pods/Target Support Files/Pods-ImageDownloader/Pods-ImageDownloader-resources.sh\"\n";
			showEnvVarsInLog = 0;
		};
/* End PBXShellScriptBuildPhase section */

/* Begin PBXSourcesBuildPhase section */
		EBBDB4191DA4138400CFE064 /* Sources */ = {
			isa = PBXSourcesBuildPhase;
			buildActionMask = 2147483647;
			files = (
				EB17D5861DA4B6D700109D28 /* FileRecord.swift in Sources */,
				EB99F5AA1DA41D4C00E82BB3 /* LHNetWork.swift in Sources */,
				EB17D5841DA4B18E00109D28 /* URL+LH.swift in Sources */,
				EB99F5A31DA4148D00E82BB3 /* DownloadViewController.swift in Sources */,
				EBBDB4211DA4138400CFE064 /* AppDelegate.swift in Sources */,
				EB99F5A61DA419BB00E82BB3 /* DownloadTableViewCell.swift in Sources */,
				EB99F5AC1DA4343E00E82BB3 /* LHManagerZip.swift in Sources */,
			);
			runOnlyForDeploymentPostprocessing = 0;
		};
/* End PBXSourcesBuildPhase section */

/* Begin PBXVariantGroup section */
		EBBDB4241DA4138400CFE064 /* Main.storyboard */ = {
			isa = PBXVariantGroup;
			children = (
				EBBDB4251DA4138400CFE064 /* Base */,
			);
			name = Main.storyboard;
			sourceTree = "<group>";
		};
		EBBDB4291DA4138400CFE064 /* LaunchScreen.storyboard */ = {
			isa = PBXVariantGroup;
			children = (
				EBBDB42A1DA4138400CFE064 /* Base */,
			);
			name = LaunchScreen.storyboard;
			sourceTree = "<group>";
		};
/* End PBXVariantGroup section */

/* Begin XCBuildConfiguration section */
		EBBDB42D1DA4138400CFE064 /* Debug */ = {
			isa = XCBuildConfiguration;
			buildSettings = {
				ALWAYS_SEARCH_USER_PATHS = NO;
				CLANG_ANALYZER_NONNULL = YES;
				CLANG_CXX_LANGUAGE_STANDARD = "gnu++0x";
				CLANG_CXX_LIBRARY = "libc++";
				CLANG_ENABLE_MODULES = YES;
				CLANG_ENABLE_OBJC_ARC = YES;
				CLANG_WARN_BOOL_CONVERSION = YES;
				CLANG_WARN_CONSTANT_CONVERSION = YES;
				CLANG_WARN_DIRECT_OBJC_ISA_USAGE = YES_ERROR;
				CLANG_WARN_DOCUMENTATION_COMMENTS = YES;
				CLANG_WARN_EMPTY_BODY = YES;
				CLANG_WARN_ENUM_CONVERSION = YES;
				CLANG_WARN_INFINITE_RECURSION = YES;
				CLANG_WARN_INT_CONVERSION = YES;
				CLANG_WARN_OBJC_ROOT_CLASS = YES_ERROR;
				CLANG_WARN_SUSPICIOUS_MOVES = YES;
				CLANG_WARN_UNREACHABLE_CODE = YES;
				CLANG_WARN__DUPLICATE_METHOD_MATCH = YES;
				"CODE_SIGN_IDENTITY[sdk=iphoneos*]" = "iPhone Developer";
				COPY_PHASE_STRIP = NO;
				DEBUG_INFORMATION_FORMAT = dwarf;
				ENABLE_STRICT_OBJC_MSGSEND = YES;
				ENABLE_TESTABILITY = YES;
				GCC_C_LANGUAGE_STANDARD = gnu99;
				GCC_DYNAMIC_NO_PIC = NO;
				GCC_NO_COMMON_BLOCKS = YES;
				GCC_OPTIMIZATION_LEVEL = 0;
				GCC_PREPROCESSOR_DEFINITIONS = (
					"DEBUG=1",
					"$(inherited)",
				);
				GCC_WARN_64_TO_32_BIT_CONVERSION = YES;
				GCC_WARN_ABOUT_RETURN_TYPE = YES_ERROR;
				GCC_WARN_UNDECLARED_SELECTOR = YES;
				GCC_WARN_UNINITIALIZED_AUTOS = YES_AGGRESSIVE;
				GCC_WARN_UNUSED_FUNCTION = YES;
				GCC_WARN_UNUSED_VARIABLE = YES;
				IPHONEOS_DEPLOYMENT_TARGET = 10.0;
				MTL_ENABLE_DEBUG_INFO = YES;
				ONLY_ACTIVE_ARCH = YES;
				SDKROOT = iphoneos;
				SWIFT_ACTIVE_COMPILATION_CONDITIONS = DEBUG;
				SWIFT_OPTIMIZATION_LEVEL = "-Onone";
				TARGETED_DEVICE_FAMILY = "1,2";
			};
			name = Debug;
		};
		EBBDB42E1DA4138400CFE064 /* Release */ = {
			isa = XCBuildConfiguration;
			buildSettings = {
				ALWAYS_SEARCH_USER_PATHS = NO;
				CLANG_ANALYZER_NONNULL = YES;
				CLANG_CXX_LANGUAGE_STANDARD = "gnu++0x";
				CLANG_CXX_LIBRARY = "libc++";
				CLANG_ENABLE_MODULES = YES;
				CLANG_ENABLE_OBJC_ARC = YES;
				CLANG_WARN_BOOL_CONVERSION = YES;
				CLANG_WARN_CONSTANT_CONVERSION = YES;
				CLANG_WARN_DIRECT_OBJC_ISA_USAGE = YES_ERROR;
				CLANG_WARN_DOCUMENTATION_COMMENTS = YES;
				CLANG_WARN_EMPTY_BODY = YES;
				CLANG_WARN_ENUM_CONVERSION = YES;
				CLANG_WARN_INFINITE_RECURSION = YES;
				CLANG_WARN_INT_CONVERSION = YES;
				CLANG_WARN_OBJC_ROOT_CLASS = YES_ERROR;
				CLANG_WARN_SUSPICIOUS_MOVES = YES;
				CLANG_WARN_UNREACHABLE_CODE = YES;
				CLANG_WARN__DUPLICATE_METHOD_MATCH = YES;
				"CODE_SIGN_IDENTITY[sdk=iphoneos*]" = "iPhone Developer";
				COPY_PHASE_STRIP = NO;
				DEBUG_INFORMATION_FORMAT = "dwarf-with-dsym";
				ENABLE_NS_ASSERTIONS = NO;
				ENABLE_STRICT_OBJC_MSGSEND = YES;
				GCC_C_LANGUAGE_STANDARD = gnu99;
				GCC_NO_COMMON_BLOCKS = YES;
				GCC_WARN_64_TO_32_BIT_CONVERSION = YES;
				GCC_WARN_ABOUT_RETURN_TYPE = YES_ERROR;
				GCC_WARN_UNDECLARED_SELECTOR = YES;
				GCC_WARN_UNINITIALIZED_AUTOS = YES_AGGRESSIVE;
				GCC_WARN_UNUSED_FUNCTION = YES;
				GCC_WARN_UNUSED_VARIABLE = YES;
				IPHONEOS_DEPLOYMENT_TARGET = 10.0;
				MTL_ENABLE_DEBUG_INFO = NO;
				SDKROOT = iphoneos;
				SWIFT_OPTIMIZATION_LEVEL = "-Owholemodule";
				TARGETED_DEVICE_FAMILY = "1,2";
				VALIDATE_PRODUCT = YES;
			};
			name = Release;
		};
		EBBDB4301DA4138400CFE064 /* Debug */ = {
			isa = XCBuildConfiguration;
			baseConfigurationReference = 012D7267B5AD9D9BC6902EAC /* Pods-ImageDownloader.debug.xcconfig */;
			buildSettings = {
				ASSETCATALOG_COMPILER_APPICON_NAME = AppIcon;
				DEVELOPMENT_TEAM = LR8XGHFLF8;
				INFOPLIST_FILE = ImageDownloader/Info.plist;
				IPHONEOS_DEPLOYMENT_TARGET = 9.0;
				LD_RUNPATH_SEARCH_PATHS = "$(inherited) @executable_path/Frameworks";
				PRODUCT_BUNDLE_IDENTIFIER = lam.dev.ImageDownloader;
				PRODUCT_NAME = "$(TARGET_NAME)";
				SWIFT_VERSION = 3.0;
				TARGETED_DEVICE_FAMILY = 1;
			};
			name = Debug;
		};
		EBBDB4311DA4138400CFE064 /* Release */ = {
			isa = XCBuildConfiguration;
			baseConfigurationReference = 2F0F2B7E3441788826DB0A1C /* Pods-ImageDownloader.release.xcconfig */;
			buildSettings = {
				ASSETCATALOG_COMPILER_APPICON_NAME = AppIcon;
				DEVELOPMENT_TEAM = LR8XGHFLF8;
				INFOPLIST_FILE = ImageDownloader/Info.plist;
				IPHONEOS_DEPLOYMENT_TARGET = 9.0;
				LD_RUNPATH_SEARCH_PATHS = "$(inherited) @executable_path/Frameworks";
				PRODUCT_BUNDLE_IDENTIFIER = lam.dev.ImageDownloader;
				PRODUCT_NAME = "$(TARGET_NAME)";
				SWIFT_VERSION = 3.0;
				TARGETED_DEVICE_FAMILY = 1;
			};
			name = Release;
		};
/* End XCBuildConfiguration section */

/* Begin XCConfigurationList section */
		EBBDB4181DA4138400CFE064 /* Build configuration list for PBXProject "ImageDownloader" */ = {
			isa = XCConfigurationList;
			buildConfigurations = (
				EBBDB42D1DA4138400CFE064 /* Debug */,
				EBBDB42E1DA4138400CFE064 /* Release */,
			);
			defaultConfigurationIsVisible = 0;
			defaultConfigurationName = Release;
		};
		EBBDB42F1DA4138400CFE064 /* Build configuration list for PBXNativeTarget "ImageDownloader" */ = {
			isa = XCConfigurationList;
			buildConfigurations = (
				EBBDB4301DA4138400CFE064 /* Debug */,
				EBBDB4311DA4138400CFE064 /* Release */,
			);
			defaultConfigurationIsVisible = 0;
			defaultConfigurationName = Release;
		};
/* End XCConfigurationList section */
	};
	rootObject = EBBDB4151DA4138400CFE064 /* Project object */;
}
